
Microsoft Visual Studio Solution File, Format Version 12.00
# Visual Studio Version 17
VisualStudioVersion = 17.1.32228.430
MinimumVisualStudioVersion = 10.0.40219.1
Project("{2150E333-8FDC-42A3-9474-1A3956D46DE8}") = "Services", "Services", "{3C34CA09-6276-4B31-914B-2D9646FF92E1}"
EndProject
Project("{2150E333-8FDC-42A3-9474-1A3956D46DE8}") = "WebApps", "WebApps", "{CC5B31F4-1806-4B2D-B992-81A26B689044}"
EndProject
Project("{2150E333-8FDC-42A3-9474-1A3956D46DE8}") = "Catalogo", "Catalogo", "{5053495F-60FC-4A2F-96F7-E7ED698AEE18}"
EndProject
Project("{2150E333-8FDC-42A3-9474-1A3956D46DE8}") = "Cadastros", "Cadastros", "{E8E2F62B-C39F-472F-84C5-A8372053A6FA}"
EndProject
Project("{2150E333-8FDC-42A3-9474-1A3956D46DE8}") = "Core", "Core", "{84E9CCFB-CACA-4750-94F5-9AD0F95B9315}"
EndProject
Project("{2150E333-8FDC-42A3-9474-1A3956D46DE8}") = "Fiscal", "Fiscal", "{F81434FC-2460-4695-A392-7DD890C20574}"
EndProject
Project("{2150E333-8FDC-42A3-9474-1A3956D46DE8}") = "Pagamentos", "Pagamentos", "{F3D708F3-ACE5-4E34-831A-F450A43BCDAA}"
EndProject
Project("{2150E333-8FDC-42A3-9474-1A3956D46DE8}") = "Vendas", "Vendas", "{15C01B00-24DC-4520-A2F6-09B058C6013D}"
EndProject
Project("{FAE04EC0-301F-11D3-BF4B-00C04F79EFBC}") = "NerdStore.Catalogo.Domain", "src\NerdStore.Catalogo.Domain\NerdStore.Catalogo.Domain.csproj", "{9F48CE7E-E311-43B7-8F3D-05775273B1D3}"
EndProject
Project("{FAE04EC0-301F-11D3-BF4B-00C04F79EFBC}") = "NerdStore.Core", "src\NerdStore.Core\NerdStore.Core.csproj", "{BE3947B3-853F-400D-A9C9-0510DB01130C}"
EndProject
Project("{2150E333-8FDC-42A3-9474-1A3956D46DE8}") = "Tests", "Tests", "{DACE7F21-7198-4752-B205-79E70F5377F6}"
EndProject
Project("{FAE04EC0-301F-11D3-BF4B-00C04F79EFBC}") = "NerdStore.Catalogo.Domain.Tests", "tests\NerdStore.Catalogo.Domain.Tests\NerdStore.Catalogo.Domain.Tests.csproj", "{756FE3E0-1158-4A3D-9A48-242C6BDA14C5}"
	ProjectSection(ProjectDependencies) = postProject
		{9F48CE7E-E311-43B7-8F3D-05775273B1D3} = {9F48CE7E-E311-43B7-8F3D-05775273B1D3}
		{BE3947B3-853F-400D-A9C9-0510DB01130C} = {BE3947B3-853F-400D-A9C9-0510DB01130C}
	EndProjectSection
EndProject
Project("{FAE04EC0-301F-11D3-BF4B-00C04F79EFBC}") = "NerdStore.Catalogo.Data", "src\NerdStore.Catalogo.Data\NerdStore.Catalogo.Data.csproj", "{1D0DB844-CBB5-406B-A560-D08D640BF3CF}"
EndProject
Project("{FAE04EC0-301F-11D3-BF4B-00C04F79EFBC}") = "NerdStore.Catalogo.Application", "src\NerdStore.Catalogo.Application\NerdStore.Catalogo.Application.csproj", "{20B0F90D-F92E-4805-82CF-DE6C66394FF7}"
EndProject
Project("{FAE04EC0-301F-11D3-BF4B-00C04F79EFBC}") = "NerdStore.WebApp.MVC", "src\NerdStore.WebApp.MVC\NerdStore.WebApp.MVC.csproj", "{7EC5DA43-1A08-4973-80E3-773880B8CC12}"
EndProject
Project("{FAE04EC0-301F-11D3-BF4B-00C04F79EFBC}") = "NerdStore.Vendas.Domain", "src\NerdStore.Vendas.Domain\NerdStore.Vendas.Domain.csproj", "{55759047-9B80-4C9B-BE7D-C27BC685A166}"
EndProject
Project("{FAE04EC0-301F-11D3-BF4B-00C04F79EFBC}") = "NerdStore.Vendas.Application", "src\NerdStore.Vendas.Application\NerdStore.Vendas.Application.csproj", "{286CCF3F-8FED-4404-A009-AC799322419E}"
	ProjectSection(ProjectDependencies) = postProject
		{55759047-9B80-4C9B-BE7D-C27BC685A166} = {55759047-9B80-4C9B-BE7D-C27BC685A166}
		{BE3947B3-853F-400D-A9C9-0510DB01130C} = {BE3947B3-853F-400D-A9C9-0510DB01130C}
	EndProjectSection
EndProject
Project("{FAE04EC0-301F-11D3-BF4B-00C04F79EFBC}") = "NerdStore.Vendas.Data", "src\NerdStore.Vendas.Data\NerdStore.Vendas.Data.csproj", "{A9026267-1E9D-47EC-A231-A55D4FA8C6E7}"
EndProject
Project("{FAE04EC0-301F-11D3-BF4B-00C04F79EFBC}") = "NerdStore.Pagamentos.AntiCorruption", "src\NerdStore.Pagamentos.AntiCorruption\NerdStore.Pagamentos.AntiCorruption.csproj", "{2B4FD644-2A30-423B-A338-5A29A641F021}"
EndProject
Project("{FAE04EC0-301F-11D3-BF4B-00C04F79EFBC}") = "NerdStore.Pagamentos.Business", "src\NerdStore.Pagamentos.Business\NerdStore.Pagamentos.Business.csproj", "{95550415-997F-4047-8DEC-8673C16E9E7A}"
EndProject
Project("{FAE04EC0-301F-11D3-BF4B-00C04F79EFBC}") = "NerdStore.Pagamentos.Data", "src\NerdStore.Pagamentos.Data\NerdStore.Pagamentos.Data.csproj", "{82DEACEA-8544-4CE2-90F2-3A01F98510CE}"
EndProject
Project("{2150E333-8FDC-42A3-9474-1A3956D46DE8}") = "BuildingBlocks", "BuildingBlocks", "{6E4BD098-DC51-43E8-9D9B-14DF54678ACB}"
EndProject
Project("{FAE04EC0-301F-11D3-BF4B-00C04F79EFBC}") = "EventSourcing", "src\EventSourcing\EventSourcing.csproj", "{A41E2FE2-62B2-4C17-80C6-804849B15871}"
EndProject
Global
	GlobalSection(SolutionConfigurationPlatforms) = preSolution
		Debug|Any CPU = Debug|Any CPU
		Release|Any CPU = Release|Any CPU
	EndGlobalSection
	GlobalSection(ProjectConfigurationPlatforms) = postSolution
		{9F48CE7E-E311-43B7-8F3D-05775273B1D3}.Debug|Any CPU.ActiveCfg = Debug|Any CPU
		{9F48CE7E-E311-43B7-8F3D-05775273B1D3}.Debug|Any CPU.Build.0 = Debug|Any CPU
		{9F48CE7E-E311-43B7-8F3D-05775273B1D3}.Release|Any CPU.ActiveCfg = Release|Any CPU
		{9F48CE7E-E311-43B7-8F3D-05775273B1D3}.Release|Any CPU.Build.0 = Release|Any CPU
		{BE3947B3-853F-400D-A9C9-0510DB01130C}.Debug|Any CPU.ActiveCfg = Debug|Any CPU
		{BE3947B3-853F-400D-A9C9-0510DB01130C}.Debug|Any CPU.Build.0 = Debug|Any CPU
		{BE3947B3-853F-400D-A9C9-0510DB01130C}.Release|Any CPU.ActiveCfg = Release|Any CPU
		{BE3947B3-853F-400D-A9C9-0510DB01130C}.Release|Any CPU.Build.0 = Release|Any CPU
		{756FE3E0-1158-4A3D-9A48-242C6BDA14C5}.Debug|Any CPU.ActiveCfg = Debug|Any CPU
		{756FE3E0-1158-4A3D-9A48-242C6BDA14C5}.Debug|Any CPU.Build.0 = Debug|Any CPU
		{756FE3E0-1158-4A3D-9A48-242C6BDA14C5}.Release|Any CPU.ActiveCfg = Release|Any CPU
		{756FE3E0-1158-4A3D-9A48-242C6BDA14C5}.Release|Any CPU.Build.0 = Release|Any CPU
		{1D0DB844-CBB5-406B-A560-D08D640BF3CF}.Debug|Any CPU.ActiveCfg = Debug|Any CPU
		{1D0DB844-CBB5-406B-A560-D08D640BF3CF}.Debug|Any CPU.Build.0 = Debug|Any CPU
		{1D0DB844-CBB5-406B-A560-D08D640BF3CF}.Release|Any CPU.ActiveCfg = Release|Any CPU
		{1D0DB844-CBB5-406B-A560-D08D640BF3CF}.Release|Any CPU.Build.0 = Release|Any CPU
		{20B0F90D-F92E-4805-82CF-DE6C66394FF7}.Debug|Any CPU.ActiveCfg = Debug|Any CPU
		{20B0F90D-F92E-4805-82CF-DE6C66394FF7}.Debug|Any CPU.Build.0 = Debug|Any CPU
		{20B0F90D-F92E-4805-82CF-DE6C66394FF7}.Release|Any CPU.ActiveCfg = Release|Any CPU
		{20B0F90D-F92E-4805-82CF-DE6C66394FF7}.Release|Any CPU.Build.0 = Release|Any CPU
		{7EC5DA43-1A08-4973-80E3-773880B8CC12}.Debug|Any CPU.ActiveCfg = Debug|Any CPU
		{7EC5DA43-1A08-4973-80E3-773880B8CC12}.Debug|Any CPU.Build.0 = Debug|Any CPU
		{7EC5DA43-1A08-4973-80E3-773880B8CC12}.Release|Any CPU.ActiveCfg = Release|Any CPU
		{7EC5DA43-1A08-4973-80E3-773880B8CC12}.Release|Any CPU.Build.0 = Release|Any CPU
		{55759047-9B80-4C9B-BE7D-C27BC685A166}.Debug|Any CPU.ActiveCfg = Debug|Any CPU
		{55759047-9B80-4C9B-BE7D-C27BC685A166}.Debug|Any CPU.Build.0 = Debug|Any CPU
		{55759047-9B80-4C9B-BE7D-C27BC685A166}.Release|Any CPU.ActiveCfg = Release|Any CPU
		{55759047-9B80-4C9B-BE7D-C27BC685A166}.Release|Any CPU.Build.0 = Release|Any CPU
		{286CCF3F-8FED-4404-A009-AC799322419E}.Debug|Any CPU.ActiveCfg = Debug|Any CPU
		{286CCF3F-8FED-4404-A009-AC799322419E}.Debug|Any CPU.Build.0 = Debug|Any CPU
		{286CCF3F-8FED-4404-A009-AC799322419E}.Release|Any CPU.ActiveCfg = Release|Any CPU
		{286CCF3F-8FED-4404-A009-AC799322419E}.Release|Any CPU.Build.0 = Release|Any CPU
		{A9026267-1E9D-47EC-A231-A55D4FA8C6E7}.Debug|Any CPU.ActiveCfg = Debug|Any CPU
		{A9026267-1E9D-47EC-A231-A55D4FA8C6E7}.Debug|Any CPU.Build.0 = Debug|Any CPU
		{A9026267-1E9D-47EC-A231-A55D4FA8C6E7}.Release|Any CPU.ActiveCfg = Release|Any CPU
		{A9026267-1E9D-47EC-A231-A55D4FA8C6E7}.Release|Any CPU.Build.0 = Release|Any CPU
		{2B4FD644-2A30-423B-A338-5A29A641F021}.Debug|Any CPU.ActiveCfg = Debug|Any CPU
		{2B4FD644-2A30-423B-A338-5A29A641F021}.Debug|Any CPU.Build.0 = Debug|Any CPU
		{2B4FD644-2A30-423B-A338-5A29A641F021}.Release|Any CPU.ActiveCfg = Release|Any CPU
		{2B4FD644-2A30-423B-A338-5A29A641F021}.Release|Any CPU.Build.0 = Release|Any CPU
		{95550415-997F-4047-8DEC-8673C16E9E7A}.Debug|Any CPU.ActiveCfg = Debug|Any CPU
		{95550415-997F-4047-8DEC-8673C16E9E7A}.Debug|Any CPU.Build.0 = Debug|Any CPU
		{95550415-997F-4047-8DEC-8673C16E9E7A}.Release|Any CPU.ActiveCfg = Release|Any CPU
		{95550415-997F-4047-8DEC-8673C16E9E7A}.Release|Any CPU.Build.0 = Release|Any CPU
		{82DEACEA-8544-4CE2-90F2-3A01F98510CE}.Debug|Any CPU.ActiveCfg = Debug|Any CPU
		{82DEACEA-8544-4CE2-90F2-3A01F98510CE}.Debug|Any CPU.Build.0 = Debug|Any CPU
		{82DEACEA-8544-4CE2-90F2-3A01F98510CE}.Release|Any CPU.ActiveCfg = Release|Any CPU
		{82DEACEA-8544-4CE2-90F2-3A01F98510CE}.Release|Any CPU.Build.0 = Release|Any CPU
		{A41E2FE2-62B2-4C17-80C6-804849B15871}.Debug|Any CPU.ActiveCfg = Debug|Any CPU
		{A41E2FE2-62B2-4C17-80C6-804849B15871}.Debug|Any CPU.Build.0 = Debug|Any CPU
		{A41E2FE2-62B2-4C17-80C6-804849B15871}.Release|Any CPU.ActiveCfg = Release|Any CPU
		{A41E2FE2-62B2-4C17-80C6-804849B15871}.Release|Any CPU.Build.0 = Release|Any CPU
	EndGlobalSection
	GlobalSection(SolutionProperties) = preSolution
		HideSolutionNode = FALSE
	EndGlobalSection
	GlobalSection(NestedProjects) = preSolution
		{5053495F-60FC-4A2F-96F7-E7ED698AEE18} = {3C34CA09-6276-4B31-914B-2D9646FF92E1}
		{E8E2F62B-C39F-472F-84C5-A8372053A6FA} = {3C34CA09-6276-4B31-914B-2D9646FF92E1}
		{84E9CCFB-CACA-4750-94F5-9AD0F95B9315} = {3C34CA09-6276-4B31-914B-2D9646FF92E1}
		{F81434FC-2460-4695-A392-7DD890C20574} = {3C34CA09-6276-4B31-914B-2D9646FF92E1}
		{F3D708F3-ACE5-4E34-831A-F450A43BCDAA} = {3C34CA09-6276-4B31-914B-2D9646FF92E1}
		{15C01B00-24DC-4520-A2F6-09B058C6013D} = {3C34CA09-6276-4B31-914B-2D9646FF92E1}
		{9F48CE7E-E311-43B7-8F3D-05775273B1D3} = {5053495F-60FC-4A2F-96F7-E7ED698AEE18}
		{BE3947B3-853F-400D-A9C9-0510DB01130C} = {84E9CCFB-CACA-4750-94F5-9AD0F95B9315}
		{DACE7F21-7198-4752-B205-79E70F5377F6} = {5053495F-60FC-4A2F-96F7-E7ED698AEE18}
		{756FE3E0-1158-4A3D-9A48-242C6BDA14C5} = {DACE7F21-7198-4752-B205-79E70F5377F6}
		{1D0DB844-CBB5-406B-A560-D08D640BF3CF} = {5053495F-60FC-4A2F-96F7-E7ED698AEE18}
		{20B0F90D-F92E-4805-82CF-DE6C66394FF7} = {5053495F-60FC-4A2F-96F7-E7ED698AEE18}
		{7EC5DA43-1A08-4973-80E3-773880B8CC12} = {CC5B31F4-1806-4B2D-B992-81A26B689044}
		{55759047-9B80-4C9B-BE7D-C27BC685A166} = {15C01B00-24DC-4520-A2F6-09B058C6013D}
		{286CCF3F-8FED-4404-A009-AC799322419E} = {15C01B00-24DC-4520-A2F6-09B058C6013D}
		{A9026267-1E9D-47EC-A231-A55D4FA8C6E7} = {15C01B00-24DC-4520-A2F6-09B058C6013D}
		{2B4FD644-2A30-423B-A338-5A29A641F021} = {F3D708F3-ACE5-4E34-831A-F450A43BCDAA}
		{95550415-997F-4047-8DEC-8673C16E9E7A} = {F3D708F3-ACE5-4E34-831A-F450A43BCDAA}
		{82DEACEA-8544-4CE2-90F2-3A01F98510CE} = {F3D708F3-ACE5-4E34-831A-F450A43BCDAA}
		{A41E2FE2-62B2-4C17-80C6-804849B15871} = {6E4BD098-DC51-43E8-9D9B-14DF54678ACB}
	EndGlobalSection
	GlobalSection(ExtensibilityGlobals) = postSolution
		SolutionGuid = {42B0B6D6-0638-450A-9011-3638A7540EEB}
	EndGlobalSection
EndGlobal
